
Microsoft Visual Studio Solution File, Format Version 12.00
# Visual Studio Version 16
VisualStudioVersion = 16.0.30907.101
MinimumVisualStudioVersion = 10.0.40219.1
Project("{FAE04EC0-301F-11D3-BF4B-00C04F79EFBC}") = "Button", "Button.csproj", "{783E9223-C9EA-4261-8526-24BF11C0D145}"
EndProject
Global
	GlobalSection(SolutionConfigurationPlatforms) = preSolution
		Debug|Any CPU = Debug|Any CPU
		Release|Any CPU = Release|Any CPU
	EndGlobalSection
	GlobalSection(ProjectConfigurationPlatforms) = postSolution
		{783E9223-C9EA-4261-8526-24BF11C0D145}.Debug|Any CPU.ActiveCfg = Debug|Any CPU
		{783E9223-C9EA-4261-8526-24BF11C0D145}.Debug|Any CPU.Build.0 = Debug|Any CPU
		{783E9223-C9EA-4261-8526-24BF11C0D145}.Release|Any CPU.ActiveCfg = Release|Any CPU
		{783E9223-C9EA-4261-8526-24BF11C0D145}.Release|Any CPU.Build.0 = Release|Any CPU
	EndGlobalSection
	GlobalSection(SolutionProperties) = preSolution
		HideSolutionNode = FALSE
	EndGlobalSection
	GlobalSection(ExtensibilityGlobals) = postSolution
		SolutionGuid = {165BF1EF-BC09-484D-8D59-3BAE208310B1}
	EndGlobalSection
EndGlobal
